
Microsoft Visual Studio Solution File, Format Version 12.00
# Visual Studio Version 16
VisualStudioVersion = 16.0.30626.31
MinimumVisualStudioVersion = 10.0.40219.1
Project("{9A19103F-16F7-4668-BE54-9A1E7A4F7556}") = "PMCTool.App", "PMCTool.App\PMCTool.App.csproj", "{0F7C7C36-2E53-4B4D-9115-50EFF242E7B5}"
EndProject
Global
	GlobalSection(SolutionConfigurationPlatforms) = preSolution
		Debug|Any CPU = Debug|Any CPU
		Release|Any CPU = Release|Any CPU
	EndGlobalSection
	GlobalSection(ProjectConfigurationPlatforms) = postSolution
		{0F7C7C36-2E53-4B4D-9115-50EFF242E7B5}.Debug|Any CPU.ActiveCfg = Debug|Any CPU
		{0F7C7C36-2E53-4B4D-9115-50EFF242E7B5}.Debug|Any CPU.Build.0 = Debug|Any CPU
		{0F7C7C36-2E53-4B4D-9115-50EFF242E7B5}.Release|Any CPU.ActiveCfg = Release|Any CPU
		{0F7C7C36-2E53-4B4D-9115-50EFF242E7B5}.Release|Any CPU.Build.0 = Release|Any CPU
	EndGlobalSection
	GlobalSection(SolutionProperties) = preSolution
		HideSolutionNode = FALSE
	EndGlobalSection
	GlobalSection(ExtensibilityGlobals) = postSolution
		SolutionGuid = {BA0FCC5F-B07C-4037-9847-7D4CFE0E90A0}
	EndGlobalSection
EndGlobal
